
Microsoft Visual Studio Solution File, Format Version 12.00
# Visual Studio Version 17
VisualStudioVersion = 17.13.35825.156
MinimumVisualStudioVersion = 10.0.40219.1
Project("{FAE04EC0-301F-11D3-BF4B-00C04F79EFBC}") = "Книжный магазин", "Книжный\Книжный магазин.csproj", "{9FE51196-31E2-449C-A3F3-0192600E7A13}"
EndProject
Global
	GlobalSection(SolutionConfigurationPlatforms) = preSolution
		Debug|Any CPU = Debug|Any CPU
		Release|Any CPU = Release|Any CPU
	EndGlobalSection
	GlobalSection(ProjectConfigurationPlatforms) = postSolution
		{9FE51196-31E2-449C-A3F3-0192600E7A13}.Debug|Any CPU.ActiveCfg = Debug|Any CPU
		{9FE51196-31E2-449C-A3F3-0192600E7A13}.Debug|Any CPU.Build.0 = Debug|Any CPU
		{9FE51196-31E2-449C-A3F3-0192600E7A13}.Release|Any CPU.ActiveCfg = Release|Any CPU
		{9FE51196-31E2-449C-A3F3-0192600E7A13}.Release|Any CPU.Build.0 = Release|Any CPU
	EndGlobalSection
	GlobalSection(SolutionProperties) = preSolution
		HideSolutionNode = FALSE
	EndGlobalSection
	GlobalSection(ExtensibilityGlobals) = postSolution
		SolutionGuid = {60E485D0-594C-4DB8-9747-1FC5F5E6E9D0}
	EndGlobalSection
EndGlobal
